Microsoft Visual Studio Solution File, Format Version 12.00
# Visual Studio Version 17
VisualStudioVersion = 17.5.2.0
MinimumVisualStudioVersion = 10.0.40219.1
Project("{FAE04EC0-301F-11D3-BF4B-00C04F79EFBC}") = "sistema-consulta-DB", "sistema-consulta-DB.csproj", "{1416FD08-BCF8-11AF-8CAE-C94227CFCC7B}"
EndProject
Global
	GlobalSection(SolutionConfigurationPlatforms) = preSolution
		Debug|Any CPU = Debug|Any CPU
		Release|Any CPU = Release|Any CPU
	EndGlobalSection
	GlobalSection(ProjectConfigurationPlatforms) = postSolution
		{1416FD08-BCF8-11AF-8CAE-C94227CFCC7B}.Debug|Any CPU.ActiveCfg = Debug|Any CPU
		{1416FD08-BCF8-11AF-8CAE-C94227CFCC7B}.Debug|Any CPU.Build.0 = Debug|Any CPU
		{1416FD08-BCF8-11AF-8CAE-C94227CFCC7B}.Release|Any CPU.ActiveCfg = Release|Any CPU
		{1416FD08-BCF8-11AF-8CAE-C94227CFCC7B}.Release|Any CPU.Build.0 = Release|Any CPU
	EndGlobalSection
	GlobalSection(SolutionProperties) = preSolution
		HideSolutionNode = FALSE
	EndGlobalSection
	GlobalSection(ExtensibilityGlobals) = postSolution
		SolutionGuid = {FF6C09F9-E417-47D5-8C19-D6D8DA924E75}
	EndGlobalSection
EndGlobal
